// !$*UTF8*$!
{
	archiveVersion = 1;
	classes = {
	};
	objectVersion = 56;
	objects = {

/* Begin PBXBuildFile section */
		AAB6EA9A2A534E1300EF66A4 /* AppDelegate.swift in Sources */ = {isa = PBXBuildFile; fileRef = AAB6EA992A534E1300EF66A4 /* AppDelegate.swift */; };
		AAB6EA9C2A534E1300EF66A4 /* SceneDelegate.swift in Sources */ = {isa = PBXBuildFile; fileRef = AAB6EA9B2A534E1300EF66A4 /* SceneDelegate.swift */; };
		AAB6EAA32A534E1400EF66A4 /* Assets.xcassets in Resources */ = {isa = PBXBuildFile; fileRef = AAB6EAA22A534E1400EF66A4 /* Assets.xcassets */; };
		AAB6EAA62A534E1400EF66A4 /* LaunchScreen.storyboard in Resources */ = {isa = PBXBuildFile; fileRef = AAB6EAA42A534E1400EF66A4 /* LaunchScreen.storyboard */; };
		AAB6EAB02A534F5D00EF66A4 /* Coordinator.swift in Sources */ = {isa = PBXBuildFile; fileRef = AAB6EAAF2A534F5D00EF66A4 /* Coordinator.swift */; };
		AAB6EAB22A5350E900EF66A4 /* FirstViewController.swift in Sources */ = {isa = PBXBuildFile; fileRef = AAB6EAB12A5350E900EF66A4 /* FirstViewController.swift */; };
		AAB6EAB42A5489BC00EF66A4 /* FirstCoordinator.swift in Sources */ = {isa = PBXBuildFile; fileRef = AAB6EAB32A5489BC00EF66A4 /* FirstCoordinator.swift */; };
		AAB6EAB62A5491C900EF66A4 /* SecondViewController.swift in Sources */ = {isa = PBXBuildFile; fileRef = AAB6EAB52A5491C900EF66A4 /* SecondViewController.swift */; };
		AAB6EAB82A5491D300EF66A4 /* SecondCoordinator.swift in Sources */ = {isa = PBXBuildFile; fileRef = AAB6EAB72A5491D300EF66A4 /* SecondCoordinator.swift */; };
		AAB6EABC2A54B0EA00EF66A4 /* ThirdViewController.swift in Sources */ = {isa = PBXBuildFile; fileRef = AAB6EABB2A54B0EA00EF66A4 /* ThirdViewController.swift */; };
		AAB6EABE2A54B0FC00EF66A4 /* ThirdCoordinator.swift in Sources */ = {isa = PBXBuildFile; fileRef = AAB6EABD2A54B0FC00EF66A4 /* ThirdCoordinator.swift */; };
/* End PBXBuildFile section */

/* Begin PBXFileReference section */
		AAB6EA962A534E1300EF66A4 /* coordinator-example.app */ = {isa = PBXFileReference; explicitFileType = wrapper.application; includeInIndex = 0; path = "coordinator-example.app"; sourceTree = BUILT_PRODUCTS_DIR; };
		AAB6EA992A534E1300EF66A4 /* AppDelegate.swift */ = {isa = PBXFileReference; lastKnownFileType = sourcecode.swift; path = AppDelegate.swift; sourceTree = "<group>"; };
		AAB6EA9B2A534E1300EF66A4 /* SceneDelegate.swift */ = {isa = PBXFileReference; lastKnownFileType = sourcecode.swift; path = SceneDelegate.swift; sourceTree = "<group>"; };
		AAB6EAA22A534E1400EF66A4 /* Assets.xcassets */ = {isa = PBXFileReference; lastKnownFileType = folder.assetcatalog; path = Assets.xcassets; sourceTree = "<group>"; };
		AAB6EAA52A534E1400EF66A4 /* Base */ = {isa = PBXFileReference; lastKnownFileType = file.storyboard; name = Base; path = Base.lproj/LaunchScreen.storyboard; sourceTree = "<group>"; };
		AAB6EAA72A534E1400EF66A4 /* Info.plist */ = {isa = PBXFileReference; lastKnownFileType = text.plist.xml; path = Info.plist; sourceTree = "<group>"; };
		AAB6EAAF2A534F5D00EF66A4 /* Coordinator.swift */ = {isa = PBXFileReference; lastKnownFileType = sourcecode.swift; path = Coordinator.swift; sourceTree = "<group>"; };
		AAB6EAB12A5350E900EF66A4 /* FirstViewController.swift */ = {isa = PBXFileReference; lastKnownFileType = sourcecode.swift; path = FirstViewController.swift; sourceTree = "<group>"; };
		AAB6EAB32A5489BC00EF66A4 /* FirstCoordinator.swift */ = {isa = PBXFileReference; lastKnownFileType = sourcecode.swift; path = FirstCoordinator.swift; sourceTree = "<group>"; };
		AAB6EAB52A5491C900EF66A4 /* SecondViewController.swift */ = {isa = PBXFileReference; lastKnownFileType = sourcecode.swift; path = SecondViewController.swift; sourceTree = "<group>"; };
		AAB6EAB72A5491D300EF66A4 /* SecondCoordinator.swift */ = {isa = PBXFileReference; lastKnownFileType = sourcecode.swift; path = SecondCoordinator.swift; sourceTree = "<group>"; };
		AAB6EABB2A54B0EA00EF66A4 /* ThirdViewController.swift */ = {isa = PBXFileReference; lastKnownFileType = sourcecode.swift; path = ThirdViewController.swift; sourceTree = "<group>"; };
		AAB6EABD2A54B0FC00EF66A4 /* ThirdCoordinator.swift */ = {isa = PBXFileReference; lastKnownFileType = sourcecode.swift; name = ThirdCoordinator.swift; path = "coordinator-example/Third/ThirdCoordinator.swift"; sourceTree = SOURCE_ROOT; };
/* End PBXFileReference section */

/* Begin PBXFrameworksBuildPhase section */
		AAB6EA932A534E1300EF66A4 /* Frameworks */ = {
			isa = PBXFrameworksBuildPhase;
			buildActionMask = 2147483647;
			files = (
			);
			runOnlyForDeploymentPostprocessing = 0;
		};
/* End PBXFrameworksBuildPhase section */

/* Begin PBXGroup section */
		AAB6EA8D2A534E1300EF66A4 = {
			isa = PBXGroup;
			children = (
				AAB6EA982A534E1300EF66A4 /* coordinator-example */,
				AAB6EA972A534E1300EF66A4 /* Products */,
			);
			sourceTree = "<group>";
		};
		AAB6EA972A534E1300EF66A4 /* Products */ = {
			isa = PBXGroup;
			children = (
				AAB6EA962A534E1300EF66A4 /* coordinator-example.app */,
			);
			name = Products;
			sourceTree = "<group>";
		};
		AAB6EA982A534E1300EF66A4 /* coordinator-example */ = {
			isa = PBXGroup;
			children = (
				AAB6EAC12A54B31E00EF66A4 /* Third */,
				AAB6EAC02A54B31A00EF66A4 /* Second */,
				AAB6EABF2A54B31500EF66A4 /* First */,
				AAB6EA992A534E1300EF66A4 /* AppDelegate.swift */,
				AAB6EA9B2A534E1300EF66A4 /* SceneDelegate.swift */,
				AAB6EAA22A534E1400EF66A4 /* Assets.xcassets */,
				AAB6EAA42A534E1400EF66A4 /* LaunchScreen.storyboard */,
				AAB6EAA72A534E1400EF66A4 /* Info.plist */,
				AAB6EAAF2A534F5D00EF66A4 /* Coordinator.swift */,
			);
			path = "coordinator-example";
			sourceTree = "<group>";
		};
		AAB6EABF2A54B31500EF66A4 /* First */ = {
			isa = PBXGroup;
			children = (
				AAB6EAB32A5489BC00EF66A4 /* FirstCoordinator.swift */,
				AAB6EAB12A5350E900EF66A4 /* FirstViewController.swift */,
			);
			path = First;
			sourceTree = "<group>";
		};
		AAB6EAC02A54B31A00EF66A4 /* Second */ = {
			isa = PBXGroup;
			children = (
				AAB6EAB52A5491C900EF66A4 /* SecondViewController.swift */,
				AAB6EAB72A5491D300EF66A4 /* SecondCoordinator.swift */,
			);
			path = Second;
			sourceTree = "<group>";
		};
		AAB6EAC12A54B31E00EF66A4 /* Third */ = {
			isa = PBXGroup;
			children = (
				AAB6EABD2A54B0FC00EF66A4 /* ThirdCoordinator.swift */,
				AAB6EABB2A54B0EA00EF66A4 /* ThirdViewController.swift */,
			);
			path = Third;
			sourceTree = "<group>";
		};
/* End PBXGroup section */

/* Begin PBXNativeTarget section */
		AAB6EA952A534E1300EF66A4 /* coordinator-example */ = {
			isa = PBXNativeTarget;
			buildConfigurationList = AAB6EAAA2A534E1400EF66A4 /* Build configuration list for PBXNativeTarget "coordinator-example" */;
			buildPhases = (
				AAB6EA922A534E1300EF66A4 /* Sources */,
				AAB6EA932A534E1300EF66A4 /* Frameworks */,
				AAB6EA942A534E1300EF66A4 /* Resources */,
			);
			buildRules = (
			);
			dependencies = (
			);
			name = "coordinator-example";
			productName = "coordinator-example";
			productReference = AAB6EA962A534E1300EF66A4 /* coordinator-example.app */;
			productType = "com.apple.product-type.application";
		};
/* End PBXNativeTarget section */

/* Begin PBXProject section */
		AAB6EA8E2A534E1300EF66A4 /* Project object */ = {
			isa = PBXProject;
			attributes = {
				BuildIndependentTargetsInParallel = 1;
				LastSwiftUpdateCheck = 1430;
				LastUpgradeCheck = 1430;
				TargetAttributes = {
					AAB6EA952A534E1300EF66A4 = {
						CreatedOnToolsVersion = 14.3;
					};
				};
			};
			buildConfigurationList = AAB6EA912A534E1300EF66A4 /* Build configuration list for PBXProject "coordinator-example" */;
			compatibilityVersion = "Xcode 14.0";
			developmentRegion = en;
			hasScannedForEncodings = 0;
			knownRegions = (
				en,
				Base,
			);
			mainGroup = AAB6EA8D2A534E1300EF66A4;
			productRefGroup = AAB6EA972A534E1300EF66A4 /* Products */;
			projectDirPath = "";
			projectRoot = "";
			targets = (
				AAB6EA952A534E1300EF66A4 /* coordinator-example */,
			);
		};
/* End PBXProject section */

/* Begin PBXResourcesBuildPhase section */
		AAB6EA942A534E1300EF66A4 /* Resources */ = {
			isa = PBXResourcesBuildPhase;
			buildActionMask = 2147483647;
			files = (
				AAB6EAA62A534E1400EF66A4 /* LaunchScreen.storyboard in Resources */,
				AAB6EAA32A534E1400EF66A4 /* Assets.xcassets in Resources */,
			);
			runOnlyForDeploymentPostprocessing = 0;
		};
/* End PBXResourcesBuildPhase section */

/* Begin PBXSourcesBuildPhase section */
		AAB6EA922A534E1300EF66A4 /* Sources */ = {
			isa = PBXSourcesBuildPhase;
			buildActionMask = 2147483647;
			files = (
				AAB6EAB62A5491C900EF66A4 /* SecondViewController.swift in Sources */,
				AAB6EAB42A5489BC00EF66A4 /* FirstCoordinator.swift in Sources */,
				AAB6EAB82A5491D300EF66A4 /* SecondCoordinator.swift in Sources */,
				AAB6EAB02A534F5D00EF66A4 /* Coordinator.swift in Sources */,
				AAB6EAB22A5350E900EF66A4 /* FirstViewController.swift in Sources */,
				AAB6EA9A2A534E1300EF66A4 /* AppDelegate.swift in Sources */,
				AAB6EABC2A54B0EA00EF66A4 /* ThirdViewController.swift in Sources */,
				AAB6EABE2A54B0FC00EF66A4 /* ThirdCoordinator.swift in Sources */,
				AAB6EA9C2A534E1300EF66A4 /* SceneDelegate.swift in Sources */,
			);
			runOnlyForDeploymentPostprocessing = 0;
		};
/* End PBXSourcesBuildPhase section */

/* Begin PBXVariantGroup section */
		AAB6EAA42A534E1400EF66A4 /* LaunchScreen.storyboard */ = {
			isa = PBXVariantGroup;
			children = (
				AAB6EAA52A534E1400EF66A4 /* Base */,
			);
			name = LaunchScreen.storyboard;
			sourceTree = "<group>";
		};
/* End PBXVariantGroup section */

/* Begin XCBuildConfiguration section */
		AAB6EAA82A534E1400EF66A4 /* Debug */ = {
			isa = XCBuildConfiguration;
			buildSettings = {
				ALWAYS_SEARCH_USER_PATHS = NO;
				CLANG_ANALYZER_NONNULL = YES;
				CLANG_ANALYZER_NUMBER_OBJECT_CONVERSION = YES_AGGRESSIVE;
				CLANG_CXX_LANGUAGE_STANDARD = "gnu++20";
				CLANG_ENABLE_MODULES = YES;
				CLANG_ENABLE_OBJC_ARC = YES;
				CLANG_ENABLE_OBJC_WEAK = YES;
				CLANG_WARN_BLOCK_CAPTURE_AUTORELEASING = YES;
				CLANG_WARN_BOOL_CONVERSION = YES;
				CLANG_WARN_COMMA = YES;
				CLANG_WARN_CONSTANT_CONVERSION = YES;
				CLANG_WARN_DEPRECATED_OBJC_IMPLEMENTATIONS = YES;
				CLANG_WARN_DIRECT_OBJC_ISA_USAGE = YES_ERROR;
				CLANG_WARN_DOCUMENTATION_COMMENTS = YES;
				CLANG_WARN_EMPTY_BODY = YES;
				CLANG_WARN_ENUM_CONVERSION = YES;
				CLANG_WARN_INFINITE_RECURSION = YES;
				CLANG_WARN_INT_CONVERSION = YES;
				CLANG_WARN_NON_LITERAL_NULL_CONVERSION = YES;
				CLANG_WARN_OBJC_IMPLICIT_RETAIN_SELF = YES;
				CLANG_WARN_OBJC_LITERAL_CONVERSION = YES;
				CLANG_WARN_OBJC_ROOT_CLASS = YES_ERROR;
				CLANG_WARN_QUOTED_INCLUDE_IN_FRAMEWORK_HEADER = YES;
				CLANG_WARN_RANGE_LOOP_ANALYSIS = YES;
				CLANG_WARN_STRICT_PROTOTYPES = YES;
				CLANG_WARN_SUSPICIOUS_MOVE = YES;
				CLANG_WARN_UNGUARDED_AVAILABILITY = YES_AGGRESSIVE;
				CLANG_WARN_UNREACHABLE_CODE = YES;
				CLANG_WARN__DUPLICATE_METHOD_MATCH = YES;
				COPY_PHASE_STRIP = NO;
				DEBUG_INFORMATION_FORMAT = dwarf;
				ENABLE_STRICT_OBJC_MSGSEND = YES;
				ENABLE_TESTABILITY = YES;
				GCC_C_LANGUAGE_STANDARD = gnu11;
				GCC_DYNAMIC_NO_PIC = NO;
				GCC_NO_COMMON_BLOCKS = YES;
				GCC_OPTIMIZATION_LEVEL = 0;
				GCC_PREPROCESSOR_DEFINITIONS = (
					"DEBUG=1",
					"$(inherited)",
				);
				GCC_WARN_64_TO_32_BIT_CONVERSION = YES;
				GCC_WARN_ABOUT_RETURN_TYPE = YES_ERROR;
				GCC_WARN_UNDECLARED_SELECTOR = YES;
				GCC_WARN_UNINITIALIZED_AUTOS = YES_AGGRESSIVE;
				GCC_WARN_UNUSED_FUNCTION = YES;
				GCC_WARN_UNUSED_VARIABLE = YES;
				IPHONEOS_DEPLOYMENT_TARGET = 16.4;
				MTL_ENABLE_DEBUG_INFO = INCLUDE_SOURCE;
				MTL_FAST_MATH = YES;
				ONLY_ACTIVE_ARCH = YES;
				SDKROOT = iphoneos;
				SWIFT_ACTIVE_COMPILATION_CONDITIONS = DEBUG;
				SWIFT_OPTIMIZATION_LEVEL = "-Onone";
			};
			name = Debug;
		};
		AAB6EAA92A534E1400EF66A4 /* Release */ = {
			isa = XCBuildConfiguration;
			buildSettings = {
				ALWAYS_SEARCH_USER_PATHS = NO;
				CLANG_ANALYZER_NONNULL = YES;
				CLANG_ANALYZER_NUMBER_OBJECT_CONVERSION = YES_AGGRESSIVE;
				CLANG_CXX_LANGUAGE_STANDARD = "gnu++20";
				CLANG_ENABLE_MODULES = YES;
				CLANG_ENABLE_OBJC_ARC = YES;
				CLANG_ENABLE_OBJC_WEAK = YES;
				CLANG_WARN_BLOCK_CAPTURE_AUTORELEASING = YES;
				CLANG_WARN_BOOL_CONVERSION = YES;
				CLANG_WARN_COMMA = YES;
				CLANG_WARN_CONSTANT_CONVERSION = YES;
				CLANG_WARN_DEPRECATED_OBJC_IMPLEMENTATIONS = YES;
				CLANG_WARN_DIRECT_OBJC_ISA_USAGE = YES_ERROR;
				CLANG_WARN_DOCUMENTATION_COMMENTS = YES;
				CLANG_WARN_EMPTY_BODY = YES;
				CLANG_WARN_ENUM_CONVERSION = YES;
				CLANG_WARN_INFINITE_RECURSION = YES;
				CLANG_WARN_INT_CONVERSION = YES;
				CLANG_WARN_NON_LITERAL_NULL_CONVERSION = YES;
				CLANG_WARN_OBJC_IMPLICIT_RETAIN_SELF = YES;
				CLANG_WARN_OBJC_LITERAL_CONVERSION = YES;
				CLANG_WARN_OBJC_ROOT_CLASS = YES_ERROR;
				CLANG_WARN_QUOTED_INCLUDE_IN_FRAMEWORK_HEADER = YES;
				CLANG_WARN_RANGE_LOOP_ANALYSIS = YES;
				CLANG_WARN_STRICT_PROTOTYPES = YES;
				CLANG_WARN_SUSPICIOUS_MOVE = YES;
				CLANG_WARN_UNGUARDED_AVAILABILITY = YES_AGGRESSIVE;
				CLANG_WARN_UNREACHABLE_CODE = YES;
				CLANG_WARN__DUPLICATE_METHOD_MATCH = YES;
				COPY_PHASE_STRIP = NO;
				DEBUG_INFORMATION_FORMAT = "dwarf-with-dsym";
				ENABLE_NS_ASSERTIONS = NO;
				ENABLE_STRICT_OBJC_MSGSEND = YES;
				GCC_C_LANGUAGE_STANDARD = gnu11;
				GCC_NO_COMMON_BLOCKS = YES;
				GCC_WARN_64_TO_32_BIT_CONVERSION = YES;
				GCC_WARN_ABOUT_RETURN_TYPE = YES_ERROR;
				GCC_WARN_UNDECLARED_SELECTOR = YES;
				GCC_WARN_UNINITIALIZED_AUTOS = YES_AGGRESSIVE;
				GCC_WARN_UNUSED_FUNCTION = YES;
				GCC_WARN_UNUSED_VARIABLE = YES;
				IPHONEOS_DEPLOYMENT_TARGET = 16.4;
				MTL_ENABLE_DEBUG_INFO = NO;
				MTL_FAST_MATH = YES;
				SDKROOT = iphoneos;
				SWIFT_COMPILATION_MODE = wholemodule;
				SWIFT_OPTIMIZATION_LEVEL = "-O";
				VALIDATE_PRODUCT = YES;
			};
			name = Release;
		};
		AAB6EAAB2A534E1400EF66A4 /* Debug */ = {
			isa = XCBuildConfiguration;
			buildSettings = {
				ASSETCATALOG_COMPILER_APPICON_NAME = AppIcon;
				ASSETCATALOG_COMPILER_GLOBAL_ACCENT_COLOR_NAME = AccentColor;
				CODE_SIGN_STYLE = Automatic;
				CURRENT_PROJECT_VERSION = 1;
				DEVELOPMENT_TEAM = G765J28CP4;
				GENERATE_INFOPLIST_FILE = YES;
				INFOPLIST_FILE = "coordinator-example/Info.plist";
				INFOPLIST_KEY_UIApplicationSupportsIndirectInputEvents = YES;
				INFOPLIST_KEY_UILaunchStoryboardName = LaunchScreen;
				INFOPLIST_KEY_UISupportedInterfaceOrientations_iPad = "UIInterfaceOrientationPortrait UIInterfaceOrientationPortraitUpsideDown UIInterfaceOrientationLandscapeLeft UIInterfaceOrientationLandscapeRight";
				INFOPLIST_KEY_UISupportedInterfaceOrientations_iPhone = "UIInterfaceOrientationPortrait UIInterfaceOrientationLandscapeLeft UIInterfaceOrientationLandscapeRight";
				LD_RUNPATH_SEARCH_PATHS = (
					"$(inherited)",
					"@executable_path/Frameworks",
				);
				MARKETING_VERSION = 1.0;
				PRODUCT_BUNDLE_IDENTIFIER = "com.yavuzaytekin.coordinator-example";
				PRODUCT_NAME = "$(TARGET_NAME)";
				SWIFT_EMIT_LOC_STRINGS = YES;
				SWIFT_VERSION = 5.0;
				TARGETED_DEVICE_FAMILY = "1,2";
			};
			name = Debug;
		};
		AAB6EAAC2A534E1400EF66A4 /* Release */ = {
			isa = XCBuildConfiguration;
			buildSettings = {
				ASSETCATALOG_COMPILER_APPICON_NAME = AppIcon;
				ASSETCATALOG_COMPILER_GLOBAL_ACCENT_COLOR_NAME = AccentColor;
				CODE_SIGN_STYLE = Automatic;
				CURRENT_PROJECT_VERSION = 1;
				DEVELOPMENT_TEAM = G765J28CP4;
				GENERATE_INFOPLIST_FILE = YES;
				INFOPLIST_FILE = "coordinator-example/Info.plist";
				INFOPLIST_KEY_UIApplicationSupportsIndirectInputEvents = YES;
				INFOPLIST_KEY_UILaunchStoryboardName = LaunchScreen;
				INFOPLIST_KEY_UISupportedInterfaceOrientations_iPad = "UIInterfaceOrientationPortrait UIInterfaceOrientationPortraitUpsideDown UIInterfaceOrientationLandscapeLeft UIInterfaceOrientationLandscapeRight";
				INFOPLIST_KEY_UISupportedInterfaceOrientations_iPhone = "UIInterfaceOrientationPortrait UIInterfaceOrientationLandscapeLeft UIInterfaceOrientationLandscapeRight";
				LD_RUNPATH_SEARCH_PATHS = (
					"$(inherited)",
					"@executable_path/Frameworks",
				);
				MARKETING_VERSION = 1.0;
				PRODUCT_BUNDLE_IDENTIFIER = "com.yavuzaytekin.coordinator-example";
				PRODUCT_NAME = "$(TARGET_NAME)";
				SWIFT_EMIT_LOC_STRINGS = YES;
				SWIFT_VERSION = 5.0;
				TARGETED_DEVICE_FAMILY = "1,2";
			};
			name = Release;
		};
/* End XCBuildConfiguration section */

/* Begin XCConfigurationList section */
		AAB6EA912A534E1300EF66A4 /* Build configuration list for PBXProject "coordinator-example" */ = {
			isa = XCConfigurationList;
			buildConfigurations = (
				AAB6EAA82A534E1400EF66A4 /* Debug */,
				AAB6EAA92A534E1400EF66A4 /* Release */,
			);
			defaultConfigurationIsVisible = 0;
			defaultConfigurationName = Release;
		};
		AAB6EAAA2A534E1400EF66A4 /* Build configuration list for PBXNativeTarget "coordinator-example" */ = {
			isa = XCConfigurationList;
			buildConfigurations = (
				AAB6EAAB2A534E1400EF66A4 /* Debug */,
				AAB6EAAC2A534E1400EF66A4 /* Release */,
			);
			defaultConfigurationIsVisible = 0;
			defaultConfigurationName = Release;
		};
/* End XCConfigurationList section */
	};
	rootObject = AAB6EA8E2A534E1300EF66A4 /* Project object */;
}
